{
  "name": "@daonomic/daox-tokens",
  "version": "0.1.0",
  "lockfileVersion": 1,
  "requires": true,
  "dependencies": {
    "@daonomic/interfaces": {
      "version": "0.1.4",
      "resolved": "https://registry.npmjs.org/@daonomic/interfaces/-/interfaces-0.1.4.tgz",
      "integrity": "sha512-yO4UawojFELnZV3jzuGt4yVHkZwRQA9ZSz4v5eFMPAGXehftTAadt1k5fqRx+uvDKFmrHP2Uo6ORrBMaArG1aA=="
    },
    "@daonomic/tests-common": {
      "version": "0.1.0",
      "resolved": "https://registry.npmjs.org/@daonomic/tests-common/-/tests-common-0.1.0.tgz",
      "integrity": "sha512-WqFpVhuh4dr71O2KXIlNvPqV02lA+Nb0TjsuE/zLBBEIFmkrPa1KlMAd35dW4B/4paNwDc6cffwwrfmFeKvcpQ==",
      "dev": true
    },
    "@daonomic/util": {
      "version": "0.1.4",
      "resolved": "https://registry.npmjs.org/@daonomic/util/-/util-0.1.4.tgz",
      "integrity": "sha512-LO93nsOhJDhh+xDWpqm52HKMm37UQGGopI5cVBcvgYXx7psivcwzD8FX+x9TrHCJcXatsUsKUI31tNJInKXJtg=="
    },
    "daonomic-upgradeable": {
      "version": "0.0.2",
      "resolved": "https://registry.npmjs.org/daonomic-upgradeable/-/daonomic-upgradeable-0.0.2.tgz",
      "integrity": "sha512-q95pDBWUHPneuzLgsGC0TNp3GZ6xNcEbRJRcJW8bZjdZEc054yZR1X6DcXFEGHNHROrAqHF4VwlM45lIdjnXdA=="
    }
  }
}
