{
  "name": "daox-tokens",
  "version": "0.0.2",
  "lockfileVersion": 1,
  "requires": true,
  "dependencies": {
    "daonomic-interfaces": {
      "version": "0.0.1",
      "resolved": "https://registry.npmjs.org/daonomic-interfaces/-/daonomic-interfaces-0.0.1.tgz",
      "integrity": "sha512-OMIId1AObrBwQpw/dimi4QqkBSsY/dMDwt+tmF5KHA6a+v4XZgo/kSDlfMResswFSuEwOrM9gwOJRL4CLU7FKg=="
    },
    "daonomic-upgradeable": {
      "version": "0.0.1",
      "resolved": "https://registry.npmjs.org/daonomic-upgradeable/-/daonomic-upgradeable-0.0.1.tgz",
      "integrity": "sha512-jR3EjbLJ4g6DFocnEMGiouhmNjAusLTmDtIvS2gSdDOP9TvmZh4PvYedYzB/r0kxTBykGnEcLZQi+sCH5d78vw=="
    },
    "daonomic-util": {
      "version": "0.0.2",
      "resolved": "https://registry.npmjs.org/daonomic-util/-/daonomic-util-0.0.2.tgz",
      "integrity": "sha512-sc3RsnHWo7CVv5znL80WbjFqsKtlo9ZkzJu/dcbNdDjt+1dtwO4t+WNFPy7ITK/skLquwW2H/Wtv9jF8QGy4AA=="
    }
  }
}
