{
  "name": "daox-tokens",
  "version": "0.0.1",
  "lockfileVersion": 1,
  "requires": true,
  "dependencies": {
    "daonomic-upgradeable": {
      "version": "0.0.1",
      "resolved": "https://registry.npmjs.org/daonomic-upgradeable/-/daonomic-upgradeable-0.0.1.tgz",
      "integrity": "sha512-jR3EjbLJ4g6DFocnEMGiouhmNjAusLTmDtIvS2gSdDOP9TvmZh4PvYedYzB/r0kxTBykGnEcLZQi+sCH5d78vw=="
    },
    "daonomic-util": {
      "version": "0.0.1",
      "resolved": "https://registry.npmjs.org/daonomic-util/-/daonomic-util-0.0.1.tgz",
      "integrity": "sha512-yMK0Jn29hWriZ5EJo1azo4x5pVZ/S/R791/M/3Q73LEZMSnL/aslNh2Bph3IB89PMy09X9vFB5h+w+mGi8HRlQ=="
    }
  }
}
